
Microsoft Visual Studio Solution File, Format Version 12.00
# Visual Studio 2012
Project("{FAE04EC0-301F-11D3-BF4B-00C04F79EFBC}") = "MvcApplication3", "MvcApplication3\MvcApplication3.csproj", "{F6C641EC-FDF6-488E-B52A-F8CEF5652860}"
EndProject
Global
	GlobalSection(SolutionConfigurationPlatforms) = preSolution
		Debug|Any CPU = Debug|Any CPU
		Release|Any CPU = Release|Any CPU
	EndGlobalSection
	GlobalSection(ProjectConfigurationPlatforms) = postSolution
		{F6C641EC-FDF6-488E-B52A-F8CEF5652860}.Debug|Any CPU.ActiveCfg = Debug|Any CPU
		{F6C641EC-FDF6-488E-B52A-F8CEF5652860}.Debug|Any CPU.Build.0 = Debug|Any CPU
		{F6C641EC-FDF6-488E-B52A-F8CEF5652860}.Release|Any CPU.ActiveCfg = Release|Any CPU
		{F6C641EC-FDF6-488E-B52A-F8CEF5652860}.Release|Any CPU.Build.0 = Release|Any CPU
	EndGlobalSection
	GlobalSection(SolutionProperties) = preSolution
		HideSolutionNode = FALSE
	EndGlobalSection
EndGlobal
